
Microsoft Visual Studio Solution File, Format Version 12.00
# Visual Studio Version 17
VisualStudioVersion = 17.5.33424.131
MinimumVisualStudioVersion = 10.0.40219.1
Project("{8BC9CEB8-8B4A-11D0-8D11-00A0C91BC942}") = "problemMultiwaris", "problemMultiwaris\problemMultiwaris.vcxproj", "{7ECA381C-62A1-4B41-9D01-D419773D7DD3}"
EndProject
Project("{8BC9CEB8-8B4A-11D0-8D11-00A0C91BC942}") = "solveMultiwaris", "solveMultiwaris\solveMultiwaris.vcxproj", "{E56EA4E6-2E05-41A0-920F-CAC2763E4126}"
EndProject
Project("{8BC9CEB8-8B4A-11D0-8D11-00A0C91BC942}") = "Polymorphism", "Polymorphism\Polymorphism.vcxproj", "{DEE3D17A-417D-4435-BD9B-5E644EB53F44}"
EndProject
Project("{8BC9CEB8-8B4A-11D0-8D11-00A0C91BC942}") = "Program_noOverriding", "Program_noOverriding\Program_noOverriding.vcxproj", "{1026716F-EDCA-4E30-941B-D9317E9772C3}"
EndProject
Project("{8BC9CEB8-8B4A-11D0-8D11-00A0C91BC942}") = "Program_noPewarisan", "Program_noPewarisan\Program_noPewarisan.vcxproj", "{3279AFFE-A641-46F0-97B2-B96440C7DAB0}"
EndProject
Project("{8BC9CEB8-8B4A-11D0-8D11-00A0C91BC942}") = "ProgramEnkapsulasi", "ProgramEnkapsulasi\ProgramEnkapsulasi.vcxproj", "{F55B13CE-DCEC-471A-BA9E-F755850C07F9}"
EndProject
Project("{8BC9CEB8-8B4A-11D0-8D11-00A0C91BC942}") = "ProgramAbstraksi", "ProgramAbstraksi\ProgramAbstraksi.vcxproj", "{FF77690B-31C1-4D1C-A926-62BC0847B5E4}"
EndProject
Project("{8BC9CEB8-8B4A-11D0-8D11-00A0C91BC942}") = "ProgramMultiwaris", "ProgramMultiwaris\ProgramMultiwaris.vcxproj", "{49AC5F0D-5B75-451B-B036-13281201C72F}"
EndProject
Global
	GlobalSection(SolutionConfigurationPlatforms) = preSolution
		Debug|x64 = Debug|x64
		Debug|x86 = Debug|x86
		Release|x64 = Release|x64
		Release|x86 = Release|x86
	EndGlobalSection
	GlobalSection(ProjectConfigurationPlatforms) = postSolution
		{7ECA381C-62A1-4B41-9D01-D419773D7DD3}.Debug|x64.ActiveCfg = Debug|x64
		{7ECA381C-62A1-4B41-9D01-D419773D7DD3}.Debug|x64.Build.0 = Debug|x64
		{7ECA381C-62A1-4B41-9D01-D419773D7DD3}.Debug|x86.ActiveCfg = Debug|Win32
		{7ECA381C-62A1-4B41-9D01-D419773D7DD3}.Debug|x86.Build.0 = Debug|Win32
		{7ECA381C-62A1-4B41-9D01-D419773D7DD3}.Release|x64.ActiveCfg = Release|x64
		{7ECA381C-62A1-4B41-9D01-D419773D7DD3}.Release|x64.Build.0 = Release|x64
		{7ECA381C-62A1-4B41-9D01-D419773D7DD3}.Release|x86.ActiveCfg = Release|Win32
		{7ECA381C-62A1-4B41-9D01-D419773D7DD3}.Release|x86.Build.0 = Release|Win32
		{E56EA4E6-2E05-41A0-920F-CAC2763E4126}.Debug|x64.ActiveCfg = Debug|x64
		{E56EA4E6-2E05-41A0-920F-CAC2763E4126}.Debug|x64.Build.0 = Debug|x64
		{E56EA4E6-2E05-41A0-920F-CAC2763E4126}.Debug|x86.ActiveCfg = Debug|Win32
		{E56EA4E6-2E05-41A0-920F-CAC2763E4126}.Debug|x86.Build.0 = Debug|Win32
		{E56EA4E6-2E05-41A0-920F-CAC2763E4126}.Release|x64.ActiveCfg = Release|x64
		{E56EA4E6-2E05-41A0-920F-CAC2763E4126}.Release|x64.Build.0 = Release|x64
		{E56EA4E6-2E05-41A0-920F-CAC2763E4126}.Release|x86.ActiveCfg = Release|Win32
		{E56EA4E6-2E05-41A0-920F-CAC2763E4126}.Release|x86.Build.0 = Release|Win32
		{DEE3D17A-417D-4435-BD9B-5E644EB53F44}.Debug|x64.ActiveCfg = Debug|x64
		{DEE3D17A-417D-4435-BD9B-5E644EB53F44}.Debug|x64.Build.0 = Debug|x64
		{DEE3D17A-417D-4435-BD9B-5E644EB53F44}.Debug|x86.ActiveCfg = Debug|Win32
		{DEE3D17A-417D-4435-BD9B-5E644EB53F44}.Debug|x86.Build.0 = Debug|Win32
		{DEE3D17A-417D-4435-BD9B-5E644EB53F44}.Release|x64.ActiveCfg = Release|x64
		{DEE3D17A-417D-4435-BD9B-5E644EB53F44}.Release|x64.Build.0 = Release|x64
		{DEE3D17A-417D-4435-BD9B-5E644EB53F44}.Release|x86.ActiveCfg = Release|Win32
		{DEE3D17A-417D-4435-BD9B-5E644EB53F44}.Release|x86.Build.0 = Release|Win32
		{1026716F-EDCA-4E30-941B-D9317E9772C3}.Debug|x64.ActiveCfg = Debug|x64
		{1026716F-EDCA-4E30-941B-D9317E9772C3}.Debug|x64.Build.0 = Debug|x64
		{1026716F-EDCA-4E30-941B-D9317E9772C3}.Debug|x86.ActiveCfg = Debug|Win32
		{1026716F-EDCA-4E30-941B-D9317E9772C3}.Debug|x86.Build.0 = Debug|Win32
		{1026716F-EDCA-4E30-941B-D9317E9772C3}.Release|x64.ActiveCfg = Release|x64
		{1026716F-EDCA-4E30-941B-D9317E9772C3}.Release|x64.Build.0 = Release|x64
		{1026716F-EDCA-4E30-941B-D9317E9772C3}.Release|x86.ActiveCfg = Release|Win32
		{1026716F-EDCA-4E30-941B-D9317E9772C3}.Release|x86.Build.0 = Release|Win32
		{3279AFFE-A641-46F0-97B2-B96440C7DAB0}.Debug|x64.ActiveCfg = Debug|x64
		{3279AFFE-A641-46F0-97B2-B96440C7DAB0}.Debug|x64.Build.0 = Debug|x64
		{3279AFFE-A641-46F0-97B2-B96440C7DAB0}.Debug|x86.ActiveCfg = Debug|Win32
		{3279AFFE-A641-46F0-97B2-B96440C7DAB0}.Debug|x86.Build.0 = Debug|Win32
		{3279AFFE-A641-46F0-97B2-B96440C7DAB0}.Release|x64.ActiveCfg = Release|x64
		{3279AFFE-A641-46F0-97B2-B96440C7DAB0}.Release|x64.Build.0 = Release|x64
		{3279AFFE-A641-46F0-97B2-B96440C7DAB0}.Release|x86.ActiveCfg = Release|Win32
		{3279AFFE-A641-46F0-97B2-B96440C7DAB0}.Release|x86.Build.0 = Release|Win32
		{F55B13CE-DCEC-471A-BA9E-F755850C07F9}.Debug|x64.ActiveCfg = Debug|x64
		{F55B13CE-DCEC-471A-BA9E-F755850C07F9}.Debug|x64.Build.0 = Debug|x64
		{F55B13CE-DCEC-471A-BA9E-F755850C07F9}.Debug|x86.ActiveCfg = Debug|Win32
		{F55B13CE-DCEC-471A-BA9E-F755850C07F9}.Debug|x86.Build.0 = Debug|Win32
		{F55B13CE-DCEC-471A-BA9E-F755850C07F9}.Release|x64.ActiveCfg = Release|x64
		{F55B13CE-DCEC-471A-BA9E-F755850C07F9}.Release|x64.Build.0 = Release|x64
		{F55B13CE-DCEC-471A-BA9E-F755850C07F9}.Release|x86.ActiveCfg = Release|Win32
		{F55B13CE-DCEC-471A-BA9E-F755850C07F9}.Release|x86.Build.0 = Release|Win32
		{FF77690B-31C1-4D1C-A926-62BC0847B5E4}.Debug|x64.ActiveCfg = Debug|x64
		{FF77690B-31C1-4D1C-A926-62BC0847B5E4}.Debug|x64.Build.0 = Debug|x64
		{FF77690B-31C1-4D1C-A926-62BC0847B5E4}.Debug|x86.ActiveCfg = Debug|Win32
		{FF77690B-31C1-4D1C-A926-62BC0847B5E4}.Debug|x86.Build.0 = Debug|Win32
		{FF77690B-31C1-4D1C-A926-62BC0847B5E4}.Release|x64.ActiveCfg = Release|x64
		{FF77690B-31C1-4D1C-A926-62BC0847B5E4}.Release|x64.Build.0 = Release|x64
		{FF77690B-31C1-4D1C-A926-62BC0847B5E4}.Release|x86.ActiveCfg = Release|Win32
		{FF77690B-31C1-4D1C-A926-62BC0847B5E4}.Release|x86.Build.0 = Release|Win32
		{49AC5F0D-5B75-451B-B036-13281201C72F}.Debug|x64.ActiveCfg = Debug|x64
		{49AC5F0D-5B75-451B-B036-13281201C72F}.Debug|x64.Build.0 = Debug|x64
		{49AC5F0D-5B75-451B-B036-13281201C72F}.Debug|x86.ActiveCfg = Debug|Win32
		{49AC5F0D-5B75-451B-B036-13281201C72F}.Debug|x86.Build.0 = Debug|Win32
		{49AC5F0D-5B75-451B-B036-13281201C72F}.Release|x64.ActiveCfg = Release|x64
		{49AC5F0D-5B75-451B-B036-13281201C72F}.Release|x64.Build.0 = Release|x64
		{49AC5F0D-5B75-451B-B036-13281201C72F}.Release|x86.ActiveCfg = Release|Win32
		{49AC5F0D-5B75-451B-B036-13281201C72F}.Release|x86.Build.0 = Release|Win32
	EndGlobalSection
	GlobalSection(SolutionProperties) = preSolution
		HideSolutionNode = FALSE
	EndGlobalSection
	GlobalSection(ExtensibilityGlobals) = postSolution
		SolutionGuid = {374E0F17-8BB3-40A1-8046-21FB84EFB255}
	EndGlobalSection
EndGlobal
